
Microsoft Visual Studio Solution File, Format Version 12.00
# Visual Studio Version 17
VisualStudioVersion = 17.0.31903.59
MinimumVisualStudioVersion = 10.0.40219.1
Project("{FAE04EC0-301F-11D3-BF4B-00C04F79EFBC}") = "Domain", "Domain\Domain.csproj", "{B71C84D9-268E-454C-A080-747AA9867864}"
EndProject
Project("{FAE04EC0-301F-11D3-BF4B-00C04F79EFBC}") = "Application", "Application\Application.csproj", "{E3762440-9BEE-4B23-B459-2DDED75E2766}"
EndProject
Project("{FAE04EC0-301F-11D3-BF4B-00C04F79EFBC}") = "Infrastructure", "Infrastructure\Infrastructure.csproj", "{AFE494B9-ABAC-4F9C-858E-BB426C05664D}"
EndProject
Project("{FAE04EC0-301F-11D3-BF4B-00C04F79EFBC}") = "Web", "Web\Web.csproj", "{E3C0D566-B7F0-402D-9A81-8E7613BB4C64}"
EndProject
Global
	GlobalSection(SolutionConfigurationPlatforms) = preSolution
		Debug|Any CPU = Debug|Any CPU
		Release|Any CPU = Release|Any CPU
	EndGlobalSection
	GlobalSection(SolutionProperties) = preSolution
		HideSolutionNode = FALSE
	EndGlobalSection
	GlobalSection(ProjectConfigurationPlatforms) = postSolution
		{B71C84D9-268E-454C-A080-747AA9867864}.Debug|Any CPU.ActiveCfg = Debug|Any CPU
		{B71C84D9-268E-454C-A080-747AA9867864}.Debug|Any CPU.Build.0 = Debug|Any CPU
		{B71C84D9-268E-454C-A080-747AA9867864}.Release|Any CPU.ActiveCfg = Release|Any CPU
		{B71C84D9-268E-454C-A080-747AA9867864}.Release|Any CPU.Build.0 = Release|Any CPU
		{E3762440-9BEE-4B23-B459-2DDED75E2766}.Debug|Any CPU.ActiveCfg = Debug|Any CPU
		{E3762440-9BEE-4B23-B459-2DDED75E2766}.Debug|Any CPU.Build.0 = Debug|Any CPU
		{E3762440-9BEE-4B23-B459-2DDED75E2766}.Release|Any CPU.ActiveCfg = Release|Any CPU
		{E3762440-9BEE-4B23-B459-2DDED75E2766}.Release|Any CPU.Build.0 = Release|Any CPU
		{AFE494B9-ABAC-4F9C-858E-BB426C05664D}.Debug|Any CPU.ActiveCfg = Debug|Any CPU
		{AFE494B9-ABAC-4F9C-858E-BB426C05664D}.Debug|Any CPU.Build.0 = Debug|Any CPU
		{AFE494B9-ABAC-4F9C-858E-BB426C05664D}.Release|Any CPU.ActiveCfg = Release|Any CPU
		{AFE494B9-ABAC-4F9C-858E-BB426C05664D}.Release|Any CPU.Build.0 = Release|Any CPU
		{E3C0D566-B7F0-402D-9A81-8E7613BB4C64}.Debug|Any CPU.ActiveCfg = Debug|Any CPU
		{E3C0D566-B7F0-402D-9A81-8E7613BB4C64}.Debug|Any CPU.Build.0 = Debug|Any CPU
		{E3C0D566-B7F0-402D-9A81-8E7613BB4C64}.Release|Any CPU.ActiveCfg = Release|Any CPU
		{E3C0D566-B7F0-402D-9A81-8E7613BB4C64}.Release|Any CPU.Build.0 = Release|Any CPU
	EndGlobalSection
EndGlobal
